
Microsoft Visual Studio Solution File, Format Version 12.00
# Visual Studio Version 16
VisualStudioVersion = 16.0.30413.136
MinimumVisualStudioVersion = 10.0.40219.1
Project("{2150E333-8FDC-42A3-9474-1A3956D46DE8}") = "1 - Api", "1 - Api", "{01576720-49C4-4D03-8B37-87E6F2C497D1}"
EndProject
Project("{2150E333-8FDC-42A3-9474-1A3956D46DE8}") = "2 - Core", "2 - Core", "{199733FF-F982-46DF-A27C-E44B400E5D30}"
EndProject
Project("{2150E333-8FDC-42A3-9474-1A3956D46DE8}") = "3 - Services", "3 - Services", "{81765A88-1CDC-459F-A574-E1A376C49E88}"
EndProject
Project("{2150E333-8FDC-42A3-9474-1A3956D46DE8}") = "4 - Data", "4 - Data", "{E2B205BA-6548-463F-A1D8-2A7BB66E022F}"
EndProject
Project("{9A19103F-16F7-4668-BE54-9A1E7A4F7556}") = "CentralizedCryptocurrency.Api", "src\CentralizedCryptocurrency.API\CentralizedCryptocurrency.Api.csproj", "{6A98E129-E69F-4492-9C7D-238619AD1FF8}"
EndProject
Project("{9A19103F-16F7-4668-BE54-9A1E7A4F7556}") = "CentralizedCryptocurrency.Core", "src\CentralizedCryptocurrency.Core\CentralizedCryptocurrency.Core.csproj", "{30241E47-5E51-4798-9921-2B7D39E0D91F}"
EndProject
Project("{9A19103F-16F7-4668-BE54-9A1E7A4F7556}") = "CentralizedCryptocurrency.Services", "src\CentralizedCryptocurrency.Services\CentralizedCryptocurrency.Services.csproj", "{E0F89B29-FA33-4957-BFBB-67D0BE101C2A}"
EndProject
Project("{9A19103F-16F7-4668-BE54-9A1E7A4F7556}") = "CentralizedCryptocurrency.Data", "src\CentralizedCryptocurrency.Data\CentralizedCryptocurrency.Data.csproj", "{7217EC22-EE38-485F-AA1B-FAF478B4428A}"
EndProject
Global
	GlobalSection(SolutionConfigurationPlatforms) = preSolution
		Debug|Any CPU = Debug|Any CPU
		Release|Any CPU = Release|Any CPU
	EndGlobalSection
	GlobalSection(ProjectConfigurationPlatforms) = postSolution
		{6A98E129-E69F-4492-9C7D-238619AD1FF8}.Debug|Any CPU.ActiveCfg = Debug|Any CPU
		{6A98E129-E69F-4492-9C7D-238619AD1FF8}.Debug|Any CPU.Build.0 = Debug|Any CPU
		{6A98E129-E69F-4492-9C7D-238619AD1FF8}.Release|Any CPU.ActiveCfg = Release|Any CPU
		{6A98E129-E69F-4492-9C7D-238619AD1FF8}.Release|Any CPU.Build.0 = Release|Any CPU
		{30241E47-5E51-4798-9921-2B7D39E0D91F}.Debug|Any CPU.ActiveCfg = Debug|Any CPU
		{30241E47-5E51-4798-9921-2B7D39E0D91F}.Debug|Any CPU.Build.0 = Debug|Any CPU
		{30241E47-5E51-4798-9921-2B7D39E0D91F}.Release|Any CPU.ActiveCfg = Release|Any CPU
		{30241E47-5E51-4798-9921-2B7D39E0D91F}.Release|Any CPU.Build.0 = Release|Any CPU
		{E0F89B29-FA33-4957-BFBB-67D0BE101C2A}.Debug|Any CPU.ActiveCfg = Debug|Any CPU
		{E0F89B29-FA33-4957-BFBB-67D0BE101C2A}.Debug|Any CPU.Build.0 = Debug|Any CPU
		{E0F89B29-FA33-4957-BFBB-67D0BE101C2A}.Release|Any CPU.ActiveCfg = Release|Any CPU
		{E0F89B29-FA33-4957-BFBB-67D0BE101C2A}.Release|Any CPU.Build.0 = Release|Any CPU
		{7217EC22-EE38-485F-AA1B-FAF478B4428A}.Debug|Any CPU.ActiveCfg = Debug|Any CPU
		{7217EC22-EE38-485F-AA1B-FAF478B4428A}.Debug|Any CPU.Build.0 = Debug|Any CPU
		{7217EC22-EE38-485F-AA1B-FAF478B4428A}.Release|Any CPU.ActiveCfg = Release|Any CPU
		{7217EC22-EE38-485F-AA1B-FAF478B4428A}.Release|Any CPU.Build.0 = Release|Any CPU
	EndGlobalSection
	GlobalSection(SolutionProperties) = preSolution
		HideSolutionNode = FALSE
	EndGlobalSection
	GlobalSection(NestedProjects) = preSolution
		{6A98E129-E69F-4492-9C7D-238619AD1FF8} = {01576720-49C4-4D03-8B37-87E6F2C497D1}
		{30241E47-5E51-4798-9921-2B7D39E0D91F} = {199733FF-F982-46DF-A27C-E44B400E5D30}
		{E0F89B29-FA33-4957-BFBB-67D0BE101C2A} = {81765A88-1CDC-459F-A574-E1A376C49E88}
		{7217EC22-EE38-485F-AA1B-FAF478B4428A} = {E2B205BA-6548-463F-A1D8-2A7BB66E022F}
	EndGlobalSection
	GlobalSection(ExtensibilityGlobals) = postSolution
		SolutionGuid = {4F4CCEC6-5FDF-4A31-AEC0-7F502322EFB7}
	EndGlobalSection
EndGlobal
