
Microsoft Visual Studio Solution File, Format Version 12.00
# Visual Studio Version 16
VisualStudioVersion = 16.0.30413.136
MinimumVisualStudioVersion = 10.0.40219.1
Project("{2150E333-8FDC-42A3-9474-1A3956D46DE8}") = "1 - Presentation", "1 - Presentation", "{01576720-49C4-4D03-8B37-87E6F2C497D1}"
EndProject
Project("{2150E333-8FDC-42A3-9474-1A3956D46DE8}") = "2 - Application", "2 - Application", "{199733FF-F982-46DF-A27C-E44B400E5D30}"
EndProject
Project("{2150E333-8FDC-42A3-9474-1A3956D46DE8}") = "3 - Domain", "3 - Domain", "{81765A88-1CDC-459F-A574-E1A376C49E88}"
EndProject
Project("{2150E333-8FDC-42A3-9474-1A3956D46DE8}") = "4 - Infrastructure", "4 - Infrastructure", "{E2B205BA-6548-463F-A1D8-2A7BB66E022F}"
EndProject
Project("{9A19103F-16F7-4668-BE54-9A1E7A4F7556}") = "CentralizedCryptocurrency.Api", "src\CentralizedCryptocurrency.API\CentralizedCryptocurrency.Api.csproj", "{6A98E129-E69F-4492-9C7D-238619AD1FF8}"
EndProject
Project("{9A19103F-16F7-4668-BE54-9A1E7A4F7556}") = "CentralizedCryptocurrency.Application", "src\CentralizedCryptocurrency.Application\CentralizedCryptocurrency.Application.csproj", "{49EA3B9D-A76F-48EB-83C0-95C0E56F4336}"
EndProject
Project("{9A19103F-16F7-4668-BE54-9A1E7A4F7556}") = "CentralizedCryptocurrency.Domain", "src\CentralizedCryptocurrency.Domain\CentralizedCryptocurrency.Domain.csproj", "{F6076373-7607-4885-AB1E-7A9796AE7B62}"
EndProject
Project("{9A19103F-16F7-4668-BE54-9A1E7A4F7556}") = "CentralizedCryptocurrency.Infrastructure", "src\CentralizedCryptocurrency.Infrastructure\CentralizedCryptocurrency.Infrastructure.csproj", "{19B4E7A8-BD98-46BB-9135-D0FAA80408FF}"
EndProject
Global
	GlobalSection(SolutionConfigurationPlatforms) = preSolution
		Debug|Any CPU = Debug|Any CPU
		Release|Any CPU = Release|Any CPU
	EndGlobalSection
	GlobalSection(ProjectConfigurationPlatforms) = postSolution
		{6A98E129-E69F-4492-9C7D-238619AD1FF8}.Debug|Any CPU.ActiveCfg = Debug|Any CPU
		{6A98E129-E69F-4492-9C7D-238619AD1FF8}.Debug|Any CPU.Build.0 = Debug|Any CPU
		{6A98E129-E69F-4492-9C7D-238619AD1FF8}.Release|Any CPU.ActiveCfg = Release|Any CPU
		{6A98E129-E69F-4492-9C7D-238619AD1FF8}.Release|Any CPU.Build.0 = Release|Any CPU
		{49EA3B9D-A76F-48EB-83C0-95C0E56F4336}.Debug|Any CPU.ActiveCfg = Debug|Any CPU
		{49EA3B9D-A76F-48EB-83C0-95C0E56F4336}.Debug|Any CPU.Build.0 = Debug|Any CPU
		{49EA3B9D-A76F-48EB-83C0-95C0E56F4336}.Release|Any CPU.ActiveCfg = Release|Any CPU
		{49EA3B9D-A76F-48EB-83C0-95C0E56F4336}.Release|Any CPU.Build.0 = Release|Any CPU
		{F6076373-7607-4885-AB1E-7A9796AE7B62}.Debug|Any CPU.ActiveCfg = Debug|Any CPU
		{F6076373-7607-4885-AB1E-7A9796AE7B62}.Debug|Any CPU.Build.0 = Debug|Any CPU
		{F6076373-7607-4885-AB1E-7A9796AE7B62}.Release|Any CPU.ActiveCfg = Release|Any CPU
		{F6076373-7607-4885-AB1E-7A9796AE7B62}.Release|Any CPU.Build.0 = Release|Any CPU
		{19B4E7A8-BD98-46BB-9135-D0FAA80408FF}.Debug|Any CPU.ActiveCfg = Debug|Any CPU
		{19B4E7A8-BD98-46BB-9135-D0FAA80408FF}.Debug|Any CPU.Build.0 = Debug|Any CPU
		{19B4E7A8-BD98-46BB-9135-D0FAA80408FF}.Release|Any CPU.ActiveCfg = Release|Any CPU
		{19B4E7A8-BD98-46BB-9135-D0FAA80408FF}.Release|Any CPU.Build.0 = Release|Any CPU
	EndGlobalSection
	GlobalSection(SolutionProperties) = preSolution
		HideSolutionNode = FALSE
	EndGlobalSection
	GlobalSection(NestedProjects) = preSolution
		{6A98E129-E69F-4492-9C7D-238619AD1FF8} = {01576720-49C4-4D03-8B37-87E6F2C497D1}
		{49EA3B9D-A76F-48EB-83C0-95C0E56F4336} = {199733FF-F982-46DF-A27C-E44B400E5D30}
		{F6076373-7607-4885-AB1E-7A9796AE7B62} = {81765A88-1CDC-459F-A574-E1A376C49E88}
		{19B4E7A8-BD98-46BB-9135-D0FAA80408FF} = {E2B205BA-6548-463F-A1D8-2A7BB66E022F}
	EndGlobalSection
	GlobalSection(ExtensibilityGlobals) = postSolution
		SolutionGuid = {4F4CCEC6-5FDF-4A31-AEC0-7F502322EFB7}
	EndGlobalSection
EndGlobal
